<?xml version="1.0" encoding="utf-8"?>
<Project ToolsVersion="4.0" xmlns="http://schemas.microsoft.com/developer/msbuild/2003">
  <ItemGroup>
    <Filter Include="Core">
      <UniqueIdentifier>{2EB4837C-1AEB-840D-C3D7-6A10AFED000F}</UniqueIdentifier>
    </Filter>
    <Filter Include="Core\Algo">
      <UniqueIdentifier>{607EB915-CCE8-6D8C-1527-1F3281D04BE1}</UniqueIdentifier>
    </Filter>
    <Filter Include="Core\Concept">
      <UniqueIdentifier>{4929D34D-358C-62F2-DE11-9BA8CA532E75}</UniqueIdentifier>
    </Filter>
    <Filter Include="Core\Config">
      <UniqueIdentifier>{73EFF66E-DFA4-6F64-6899-693BD44D6668}</UniqueIdentifier>
    </Filter>
    <Filter Include="Core\Container">
      <UniqueIdentifier>{800D9E36-6CDB-913C-556F-026341DC6DA1}</UniqueIdentifier>
    </Filter>
    <Filter Include="Core\Debug">
      <UniqueIdentifier>{24A91BCD-1061-5D1A-7968-3676653FF80A}</UniqueIdentifier>
    </Filter>
    <Filter Include="Core\File">
      <UniqueIdentifier>{1D30BC15-899A-708C-D2D8-21323E824EE1}</UniqueIdentifier>
    </Filter>
    <Filter Include="Core\GUID">
      <UniqueIdentifier>{C662BC15-32CD-708C-7B0B-2232E7B44EE1}</UniqueIdentifier>
    </Filter>
    <Filter Include="Core\Image">
      <UniqueIdentifier>{A0807ACD-8C38-BC1A-F53F-9576E116570B}</UniqueIdentifier>
    </Filter>
    <Filter Include="Core\Json">
      <UniqueIdentifier>{978CBE15-03F7-728C-4C35-2432B8DE50E1}</UniqueIdentifier>
    </Filter>
    <Filter Include="Core\Math">
      <UniqueIdentifier>{C7E5BF15-3350-748C-7C8E-2532E83752E1}</UniqueIdentifier>
    </Filter>
    <Filter Include="Core\Memory">
      <UniqueIdentifier>{D62B9585-42E1-0D7B-CBD5-0752378A047F}</UniqueIdentifier>
    </Filter>
    <Filter Include="Core\Platform">
      <UniqueIdentifier>{42848203-AE44-FE39-777F-47B7E3FE4216}</UniqueIdentifier>
    </Filter>
    <Filter Include="Core\String">
      <UniqueIdentifier>{F432A694-60E8-1E8A-E9DC-18615591158E}</UniqueIdentifier>
    </Filter>
    <Filter Include="Core\Thread">
      <UniqueIdentifier>{D5222296-41D8-9A8B-CACC-94623681918F}</UniqueIdentifier>
    </Filter>
    <Filter Include="Core\Time">
      <UniqueIdentifier>{8CDDC315-F847-788C-4186-2932AD2F56E1}</UniqueIdentifier>
    </Filter>
    <Filter Include="Launch">
      <UniqueIdentifier>{E06644C0-CC08-6F96-B5C3-82EAA104F6E6}</UniqueIdentifier>
    </Filter>
    <Filter Include="Launch\Windows">
      <UniqueIdentifier>{1AF13ACC-06BF-2ED2-EF52-9FF8DBBF0A37}</UniqueIdentifier>
    </Filter>
    <Filter Include="Manager">
      <UniqueIdentifier>{40C44515-ACA3-C4B0-B5BB-4F87211A2B12}</UniqueIdentifier>
    </Filter>
    <Filter Include="Manager\AssetManager">
      <UniqueIdentifier>{CAF0A787-B67F-3151-5F9E-454C4B0C42F7}</UniqueIdentifier>
    </Filter>
    <Filter Include="Manager\FrameManager">
      <UniqueIdentifier>{F5E8557A-E177-DF43-8A96-F33E7604F0E9}</UniqueIdentifier>
    </Filter>
    <Filter Include="Manager\InputManager">
      <UniqueIdentifier>{3AAE1AB0-263D-A479-CF5B-B874BBC9B41F}</UniqueIdentifier>
    </Filter>
    <Filter Include="Manager\LogManager">
      <UniqueIdentifier>{CCC59A01-B8A9-5B57-210A-56AA0D0D46D9}</UniqueIdentifier>
    </Filter>
    <Filter Include="Platform">
      <UniqueIdentifier>{2AC788B4-1694-E3BF-3FAD-D1672BD9184E}</UniqueIdentifier>
    </Filter>
    <Filter Include="Platform\Windows">
      <UniqueIdentifier>{64FBD71A-50F4-F66C-7926-DCF1657ED678}</UniqueIdentifier>
    </Filter>
    <Filter Include="UI">
      <UniqueIdentifier>{83755900-6F01-880B-D8AF-880BC45A880B}</UniqueIdentifier>
    </Filter>
  </ItemGroup>
  <ItemGroup>
    <ClInclude Include="Source\Core\Algo\Alog.h">
      <Filter>Core\Algo</Filter>
    </ClInclude>
    <ClInclude Include="Source\Core\Concept\Concept.h">
      <Filter>Core\Concept</Filter>
    </ClInclude>
    <ClInclude Include="Source\Core\Config\Config.h">
      <Filter>Core\Config</Filter>
    </ClInclude>
    <ClInclude Include="Source\Core\Container\Array.h">
      <Filter>Core\Container</Filter>
    </ClInclude>
    <ClInclude Include="Source\Core\Container\Hash.h">
      <Filter>Core\Container</Filter>
    </ClInclude>
    <ClInclude Include="Source\Core\Container\List.h">
      <Filter>Core\Container</Filter>
    </ClInclude>
    <ClInclude Include="Source\Core\Container\Map.h">
      <Filter>Core\Container</Filter>
    </ClInclude>
    <ClInclude Include="Source\Core\Container\Set.h">
      <Filter>Core\Container</Filter>
    </ClInclude>
    <ClInclude Include="Source\Core\Core.h">
      <Filter>Core</Filter>
    </ClInclude>
    <ClInclude Include="Source\Core\Debug\Debug.h">
      <Filter>Core\Debug</Filter>
    </ClInclude>
    <ClInclude Include="Source\Core\File\File.h">
      <Filter>Core\File</Filter>
    </ClInclude>
    <ClInclude Include="Source\Core\GUID\GUID.h">
      <Filter>Core\GUID</Filter>
    </ClInclude>
    <ClInclude Include="Source\Core\Image\Image.h">
      <Filter>Core\Image</Filter>
    </ClInclude>
    <ClInclude Include="Source\Core\Json\Json.h">
      <Filter>Core\Json</Filter>
    </ClInclude>
    <ClInclude Include="Source\Core\Math\Math.h">
      <Filter>Core\Math</Filter>
    </ClInclude>
    <ClInclude Include="Source\Core\Math\Matrix3.h">
      <Filter>Core\Math</Filter>
    </ClInclude>
    <ClInclude Include="Source\Core\Math\Matrix4.h">
      <Filter>Core\Math</Filter>
    </ClInclude>
    <ClInclude Include="Source\Core\Math\Radian.h">
      <Filter>Core\Math</Filter>
    </ClInclude>
    <ClInclude Include="Source\Core\Math\Vector2.h">
      <Filter>Core\Math</Filter>
    </ClInclude>
    <ClInclude Include="Source\Core\Math\Vector3.h">
      <Filter>Core\Math</Filter>
    </ClInclude>
    <ClInclude Include="Source\Core\Math\Vector4.h">
      <Filter>Core\Math</Filter>
    </ClInclude>
    <ClInclude Include="Source\Core\Memory\ByteBuffer.h">
      <Filter>Core\Memory</Filter>
    </ClInclude>
    <ClInclude Include="Source\Core\Memory\RAII.h">
      <Filter>Core\Memory</Filter>
    </ClInclude>
    <ClInclude Include="Source\Core\Platform\Platform.h">
      <Filter>Core\Platform</Filter>
    </ClInclude>
    <ClInclude Include="Source\Core\String\Convert.h">
      <Filter>Core\String</Filter>
    </ClInclude>
    <ClInclude Include="Source\Core\String\String.h">
      <Filter>Core\String</Filter>
    </ClInclude>
    <ClInclude Include="Source\Core\Thread\Atomic.h">
      <Filter>Core\Thread</Filter>
    </ClInclude>
    <ClInclude Include="Source\Core\Thread\Mutex.h">
      <Filter>Core\Thread</Filter>
    </ClInclude>
    <ClInclude Include="Source\Core\Thread\Semaphore.h">
      <Filter>Core\Thread</Filter>
    </ClInclude>
    <ClInclude Include="Source\Core\Thread\Thread.h">
      <Filter>Core\Thread</Filter>
    </ClInclude>
    <ClInclude Include="Source\Core\Thread\WaitCondition.h">
      <Filter>Core\Thread</Filter>
    </ClInclude>
    <ClInclude Include="Source\Core\Time\Clock.h">
      <Filter>Core\Time</Filter>
    </ClInclude>
    <ClInclude Include="Source\Core\Time\DateTime.h">
      <Filter>Core\Time</Filter>
    </ClInclude>
    <ClInclude Include="Source\Core\Time\Duration.h">
      <Filter>Core\Time</Filter>
    </ClInclude>
    <ClInclude Include="Source\Core\Time\Time.h">
      <Filter>Core\Time</Filter>
    </ClInclude>
    <ClInclude Include="Source\Core\Time\TimePoint.h">
      <Filter>Core\Time</Filter>
    </ClInclude>
    <ClInclude Include="Source\Launch\MainLoop.h">
      <Filter>Launch</Filter>
    </ClInclude>
    <ClInclude Include="Source\Manager\AssetManager\AssetManager.h">
      <Filter>Manager\AssetManager</Filter>
    </ClInclude>
    <ClInclude Include="Source\Manager\FrameManager\FrameManager.h">
      <Filter>Manager\FrameManager</Filter>
    </ClInclude>
    <ClInclude Include="Source\Manager\InputManager\InputManager.h">
      <Filter>Manager\InputManager</Filter>
    </ClInclude>
    <ClInclude Include="Source\Manager\LogManager\LogManager.h">
      <Filter>Manager\LogManager</Filter>
    </ClInclude>
    <ClInclude Include="Source\Platform\Application.h">
      <Filter>Platform</Filter>
    </ClInclude>
    <ClInclude Include="Source\Platform\Console.h">
      <Filter>Platform</Filter>
    </ClInclude>
    <ClInclude Include="Source\Platform\Platform.h">
      <Filter>Platform</Filter>
    </ClInclude>
    <ClInclude Include="Source\Platform\Window.h">
      <Filter>Platform</Filter>
    </ClInclude>
    <ClInclude Include="Source\Platform\Windows\WindowsApplication.h">
      <Filter>Platform\Windows</Filter>
    </ClInclude>
    <ClInclude Include="Source\Platform\Windows\WindowsConsole.h">
      <Filter>Platform\Windows</Filter>
    </ClInclude>
    <ClInclude Include="Source\Platform\Windows\WindowsPlatform.h">
      <Filter>Platform\Windows</Filter>
    </ClInclude>
    <ClInclude Include="Source\Platform\Windows\WindowsWindow.h">
      <Filter>Platform\Windows</Filter>
    </ClInclude>
    <ClInclude Include="Source\Starengine.h" />
    <ClInclude Include="Source\UI\UIEngine.h">
      <Filter>UI</Filter>
    </ClInclude>
    <ClInclude Include="Source\starpch.h" />
  </ItemGroup>
  <ItemGroup>
    <ClCompile Include="Source\Core\Config\Config.cpp">
      <Filter>Core\Config</Filter>
    </ClCompile>
    <ClCompile Include="Source\Core\File\File.cpp">
      <Filter>Core\File</Filter>
    </ClCompile>
    <ClCompile Include="Source\Core\GUID\GUID.cpp">
      <Filter>Core\GUID</Filter>
    </ClCompile>
    <ClCompile Include="Source\Core\Image\Image.cpp">
      <Filter>Core\Image</Filter>
    </ClCompile>
    <ClCompile Include="Source\Core\Json\Json.cpp">
      <Filter>Core\Json</Filter>
    </ClCompile>
    <ClCompile Include="Source\Core\Math\Radian.cpp">
      <Filter>Core\Math</Filter>
    </ClCompile>
    <ClCompile Include="Source\Core\Memory\ByteBuffer.cpp">
      <Filter>Core\Memory</Filter>
    </ClCompile>
    <ClCompile Include="Source\Core\Memory\RAII.cpp">
      <Filter>Core\Memory</Filter>
    </ClCompile>
    <ClCompile Include="Source\Core\String\String.cpp">
      <Filter>Core\String</Filter>
    </ClCompile>
    <ClCompile Include="Source\Core\Time\Clock.cpp">
      <Filter>Core\Time</Filter>
    </ClCompile>
    <ClCompile Include="Source\Core\Time\DateTime.cpp">
      <Filter>Core\Time</Filter>
    </ClCompile>
    <ClCompile Include="Source\Core\Time\Time.cpp">
      <Filter>Core\Time</Filter>
    </ClCompile>
    <ClCompile Include="Source\Launch\MainLoop.cpp">
      <Filter>Launch</Filter>
    </ClCompile>
    <ClCompile Include="Source\Launch\Windows\WindowsLaunch.cpp">
      <Filter>Launch\Windows</Filter>
    </ClCompile>
    <ClCompile Include="Source\Manager\AssetManager\AssetManager.cpp">
      <Filter>Manager\AssetManager</Filter>
    </ClCompile>
    <ClCompile Include="Source\Manager\FrameManager\FrameManager.cpp">
      <Filter>Manager\FrameManager</Filter>
    </ClCompile>
    <ClCompile Include="Source\Manager\InputManager\InputManager.cpp">
      <Filter>Manager\InputManager</Filter>
    </ClCompile>
    <ClCompile Include="Source\Manager\LogManager\LogManager.cpp">
      <Filter>Manager\LogManager</Filter>
    </ClCompile>
    <ClCompile Include="Source\Platform\Application.cpp">
      <Filter>Platform</Filter>
    </ClCompile>
    <ClCompile Include="Source\Platform\Console.cpp">
      <Filter>Platform</Filter>
    </ClCompile>
    <ClCompile Include="Source\Platform\Platform.cpp">
      <Filter>Platform</Filter>
    </ClCompile>
    <ClCompile Include="Source\Platform\Window.cpp">
      <Filter>Platform</Filter>
    </ClCompile>
    <ClCompile Include="Source\Platform\Windows\WindowsApplication.cpp">
      <Filter>Platform\Windows</Filter>
    </ClCompile>
    <ClCompile Include="Source\Platform\Windows\WindowsConsole.cpp">
      <Filter>Platform\Windows</Filter>
    </ClCompile>
    <ClCompile Include="Source\Platform\Windows\WindowsPlatform.cpp">
      <Filter>Platform\Windows</Filter>
    </ClCompile>
    <ClCompile Include="Source\Platform\Windows\WindowsWindow.cpp">
      <Filter>Platform\Windows</Filter>
    </ClCompile>
    <ClCompile Include="Source\UI\UIEngine.cpp">
      <Filter>UI</Filter>
    </ClCompile>
    <ClCompile Include="Source\starpch.cpp" />
  </ItemGroup>
  <ItemGroup>
    <None Include="Source\Launch\Windows\WindowsExport.def">
      <Filter>Launch\Windows</Filter>
    </None>
  </ItemGroup>
</Project>